
Microsoft Visual Studio Solution File, Format Version 12.00
# Visual Studio Version 17
VisualStudioVersion = 17.14.36623.8 d17.14
MinimumVisualStudioVersion = 10.0.40219.1
Project("{FAE04EC0-301F-11D3-BF4B-00C04F79EFBC}") = "WebProspek", "WebProspek.csproj", "{2455D290-62B6-411E-96F4-85C8EB7B67CE}"
EndProject
Global
	GlobalSection(SolutionConfigurationPlatforms) = preSolution
		Debug|Any CPU = Debug|Any CPU
		Release|Any CPU = Release|Any CPU
	EndGlobalSection
	GlobalSection(ProjectConfigurationPlatforms) = postSolution
		{2455D290-62B6-411E-96F4-85C8EB7B67CE}.Debug|Any CPU.ActiveCfg = Debug|Any CPU
		{2455D290-62B6-411E-96F4-85C8EB7B67CE}.Debug|Any CPU.Build.0 = Debug|Any CPU
		{2455D290-62B6-411E-96F4-85C8EB7B67CE}.Release|Any CPU.ActiveCfg = Release|Any CPU
		{2455D290-62B6-411E-96F4-85C8EB7B67CE}.Release|Any CPU.Build.0 = Release|Any CPU
	EndGlobalSection
	GlobalSection(SolutionProperties) = preSolution
		HideSolutionNode = FALSE
	EndGlobalSection
	GlobalSection(ExtensibilityGlobals) = postSolution
		SolutionGuid = {2FF704B0-E4C2-45C1-8DD5-24483B522D96}
	EndGlobalSection
EndGlobal
